<Solution>
  <Folder Name="/src/">
    <Project Path="src/Ago.Calendar.Api/Ago.Calendar.Api.csproj" />
    <Project Path="src/Ago.Calendar.Application/Ago.Calendar.Application.csproj" />
    <Project Path="src/Ago.Calendar.Contracts/Ago.Calendar.Contracts.csproj" />
    <Project Path="src/Ago.Calendar.Domain/Ago.Calendar.Domain.csproj" />
    <Project Path="src/Ago.Calendar.Infrastructure.Postgres/Ago.Calendar.Infrastructure.Postgres.csproj" />
    <Project Path="src/Ago.Calendar.Infrastructure.Redis/Ago.Calendar.Infrastructure.Redis.csproj" />
    <Project Path="src/Ago.Calendar.Infrastructure.Time/Ago.Calendar.Infrastructure.Time.csproj" />
    <Project Path="src/Ago.Calendar.Migrator/Ago.Calendar.Migrator.csproj" />
    <Project Path="src/Ago.Calendar.Module/Ago.Calendar.Module.csproj" />
    <Project Path="src/Ago.Calendar.Worker/Ago.Calendar.Worker.csproj" />
  </Folder>
  <Folder Name="/tests/">
    <Project Path="tests/Ago.Calendar.Application.Tests/Ago.Calendar.Application.Tests.csproj" />
    <Project Path="tests/Ago.Calendar.Architecture.Tests/Ago.Calendar.Architecture.Tests.csproj" />
    <Project Path="tests/Ago.Calendar.Concurrency.Tests/Ago.Calendar.Concurrency.Tests.csproj" />
    <Project Path="tests/Ago.Calendar.Domain.Tests/Ago.Calendar.Domain.Tests.csproj" />
    <Project Path="tests/Ago.Calendar.Integration.Tests/Ago.Calendar.Integration.Tests.csproj" />
  </Folder>
  <Folder Name="/tests/Fixtures/">
    <Project Path="tests/Fixtures/Ago.Calendar.ArchFixture.Compliant/Ago.Calendar.ArchFixture.Compliant.csproj" />
    <Project Path="tests/Fixtures/Ago.Calendar.ArchFixture.ReachesIntoChat/Ago.Calendar.ArchFixture.ReachesIntoChat.csproj" />
    <Project Path="tests/Fixtures/Ago.Chat.ArchFixture/Ago.Chat.ArchFixture.csproj" />
  </Folder>
</Solution>
